{
  "name": "demo.rnd.tech.2022",
  "version": "1.0.0",
  "lockfileVersion": 2,
  "requires": true,
  "packages": {
    "": {
      "name": "demo.rnd.tech.2022",
      "version": "1.0.0",
      "license": "MIT",
      "dependencies": {
        "typeomatica": "^0.2.8"
      }
    },
    "node_modules/typeomatica": {
      "version": "0.2.8",
      "resolved": "https://registry.npmjs.org/typeomatica/-/typeomatica-0.2.8.tgz",
      "integrity": "sha512-lmZfHWFCiHrw4Wjho0Mpu2cZKPnH7C1gY3VMmupz+OFiPdHRqZEX0SUuGic7XQ4MV+HSRpdPFJNKFbPO+cqg0w=="
    }
  },
  "dependencies": {
    "typeomatica": {
      "version": "0.2.8",
      "resolved": "https://registry.npmjs.org/typeomatica/-/typeomatica-0.2.8.tgz",
      "integrity": "sha512-lmZfHWFCiHrw4Wjho0Mpu2cZKPnH7C1gY3VMmupz+OFiPdHRqZEX0SUuGic7XQ4MV+HSRpdPFJNKFbPO+cqg0w=="
    }
  }
}
